
Microsoft Visual Studio Solution File, Format Version 12.00
# Visual Studio Version 17
VisualStudioVersion = 17.2.32901.213
MinimumVisualStudioVersion = 10.0.40219.1
Project("{9A19103F-16F7-4668-BE54-9A1E7A4F7556}") = "ToolCommons", "ToolCommons\ToolCommons.csproj", "{B26DA59B-C7CD-4A0F-B420-9F9C5F3E564C}"
EndProject
Project("{2150E333-8FDC-42A3-9474-1A3956D46DE8}") = "_SolutionFiles", "_SolutionFiles", "{01032F9F-AFBC-4EDC-94E7-4DCCCDEDADEE}"
	ProjectSection(SolutionItems) = preProject
		.editorconfig = .editorconfig
	EndProjectSection
EndProject
Global
	GlobalSection(SolutionConfigurationPlatforms) = preSolution
		Debug|Any CPU = Debug|Any CPU
		Release|Any CPU = Release|Any CPU
	EndGlobalSection
	GlobalSection(ProjectConfigurationPlatforms) = postSolution
		{B26DA59B-C7CD-4A0F-B420-9F9C5F3E564C}.Debug|Any CPU.ActiveCfg = Debug|Any CPU
		{B26DA59B-C7CD-4A0F-B420-9F9C5F3E564C}.Debug|Any CPU.Build.0 = Debug|Any CPU
		{B26DA59B-C7CD-4A0F-B420-9F9C5F3E564C}.Release|Any CPU.ActiveCfg = Release|Any CPU
		{B26DA59B-C7CD-4A0F-B420-9F9C5F3E564C}.Release|Any CPU.Build.0 = Release|Any CPU
	EndGlobalSection
	GlobalSection(SolutionProperties) = preSolution
		HideSolutionNode = FALSE
	EndGlobalSection
	GlobalSection(ExtensibilityGlobals) = postSolution
		SolutionGuid = {BEF9314E-3689-4868-BAB0-5D4C9CC5AEBD}
	EndGlobalSection
EndGlobal
